
Microsoft Visual Studio Solution File, Format Version 12.00
Project("{FAE04EC0-301F-11D3-BF4B-00C04F79EFBC}") = "FinanceTracking.Tests", "FinanceTracking.Tests\FinanceTracking.Tests.csproj", "{2A011697-C386-4D9B-9B51-55E9B0D1380C}"
EndProject
Project("{2150E333-8FDC-42A3-9474-1A3956D46DE8}") = "Core", "Core", "{4B766F1D-FDEC-49CB-859D-5A8F966DA0A6}"
EndProject
Project("{2150E333-8FDC-42A3-9474-1A3956D46DE8}") = "Infrastructure", "Infrastructure", "{EC2299E9-6418-4DB2-A6FE-860AADA82DCD}"
EndProject
Project("{FAE04EC0-301F-11D3-BF4B-00C04F79EFBC}") = "Persistence", "Persistence\Persistence.csproj", "{3CBF8423-1B9A-4645-9A5A-3AF72073118B}"
EndProject
Project("{FAE04EC0-301F-11D3-BF4B-00C04F79EFBC}") = "Domain", "Domain\Domain.csproj", "{DBDC2561-F620-4E8D-AD27-88718B3892F6}"
EndProject
Global
	GlobalSection(SolutionConfigurationPlatforms) = preSolution
		Debug|Any CPU = Debug|Any CPU
		Release|Any CPU = Release|Any CPU
	EndGlobalSection
	GlobalSection(ProjectConfigurationPlatforms) = postSolution
		{2A011697-C386-4D9B-9B51-55E9B0D1380C}.Debug|Any CPU.ActiveCfg = Debug|Any CPU
		{2A011697-C386-4D9B-9B51-55E9B0D1380C}.Debug|Any CPU.Build.0 = Debug|Any CPU
		{2A011697-C386-4D9B-9B51-55E9B0D1380C}.Release|Any CPU.ActiveCfg = Release|Any CPU
		{2A011697-C386-4D9B-9B51-55E9B0D1380C}.Release|Any CPU.Build.0 = Release|Any CPU
		{3CBF8423-1B9A-4645-9A5A-3AF72073118B}.Debug|Any CPU.ActiveCfg = Debug|Any CPU
		{3CBF8423-1B9A-4645-9A5A-3AF72073118B}.Debug|Any CPU.Build.0 = Debug|Any CPU
		{3CBF8423-1B9A-4645-9A5A-3AF72073118B}.Release|Any CPU.ActiveCfg = Release|Any CPU
		{3CBF8423-1B9A-4645-9A5A-3AF72073118B}.Release|Any CPU.Build.0 = Release|Any CPU
		{DBDC2561-F620-4E8D-AD27-88718B3892F6}.Debug|Any CPU.ActiveCfg = Debug|Any CPU
		{DBDC2561-F620-4E8D-AD27-88718B3892F6}.Debug|Any CPU.Build.0 = Debug|Any CPU
		{DBDC2561-F620-4E8D-AD27-88718B3892F6}.Release|Any CPU.ActiveCfg = Release|Any CPU
		{DBDC2561-F620-4E8D-AD27-88718B3892F6}.Release|Any CPU.Build.0 = Release|Any CPU
	EndGlobalSection
	GlobalSection(NestedProjects) = preSolution
		{3CBF8423-1B9A-4645-9A5A-3AF72073118B} = {EC2299E9-6418-4DB2-A6FE-860AADA82DCD}
		{DBDC2561-F620-4E8D-AD27-88718B3892F6} = {4B766F1D-FDEC-49CB-859D-5A8F966DA0A6}
	EndGlobalSection
EndGlobal
