
Microsoft Visual Studio Solution File, Format Version 12.00
Project("{FAE04EC0-301F-11D3-BF4B-00C04F79EFBC}") = "Tests", "Tests\Tests.csproj", "{2A011697-C386-4D9B-9B51-55E9B0D1380C}"
EndProject
Project("{FAE04EC0-301F-11D3-BF4B-00C04F79EFBC}") = "Persistence", "Persistence\Persistence.csproj", "{3CBF8423-1B9A-4645-9A5A-3AF72073118B}"
EndProject
Project("{FAE04EC0-301F-11D3-BF4B-00C04F79EFBC}") = "Domain", "Domain\Domain.csproj", "{DBDC2561-F620-4E8D-AD27-88718B3892F6}"
EndProject
Project("{FAE04EC0-301F-11D3-BF4B-00C04F79EFBC}") = "Application", "Application\Application.csproj", "{611AFEB2-1884-4CBC-B5CC-56906C66C0D6}"
EndProject
Project("{FAE04EC0-301F-11D3-BF4B-00C04F79EFBC}") = "WebApi", "WebApi\WebApi.csproj", "{61DA4A60-B5BC-4A92-8EAF-A2DBF1B985D2}"
EndProject
Global
	GlobalSection(SolutionConfigurationPlatforms) = preSolution
		Debug|Any CPU = Debug|Any CPU
		Release|Any CPU = Release|Any CPU
	EndGlobalSection
	GlobalSection(ProjectConfigurationPlatforms) = postSolution
		{2A011697-C386-4D9B-9B51-55E9B0D1380C}.Debug|Any CPU.ActiveCfg = Debug|Any CPU
		{2A011697-C386-4D9B-9B51-55E9B0D1380C}.Debug|Any CPU.Build.0 = Debug|Any CPU
		{2A011697-C386-4D9B-9B51-55E9B0D1380C}.Release|Any CPU.ActiveCfg = Release|Any CPU
		{2A011697-C386-4D9B-9B51-55E9B0D1380C}.Release|Any CPU.Build.0 = Release|Any CPU
		{3CBF8423-1B9A-4645-9A5A-3AF72073118B}.Debug|Any CPU.ActiveCfg = Debug|Any CPU
		{3CBF8423-1B9A-4645-9A5A-3AF72073118B}.Debug|Any CPU.Build.0 = Debug|Any CPU
		{3CBF8423-1B9A-4645-9A5A-3AF72073118B}.Release|Any CPU.ActiveCfg = Release|Any CPU
		{3CBF8423-1B9A-4645-9A5A-3AF72073118B}.Release|Any CPU.Build.0 = Release|Any CPU
		{DBDC2561-F620-4E8D-AD27-88718B3892F6}.Debug|Any CPU.ActiveCfg = Debug|Any CPU
		{DBDC2561-F620-4E8D-AD27-88718B3892F6}.Debug|Any CPU.Build.0 = Debug|Any CPU
		{DBDC2561-F620-4E8D-AD27-88718B3892F6}.Release|Any CPU.ActiveCfg = Release|Any CPU
		{DBDC2561-F620-4E8D-AD27-88718B3892F6}.Release|Any CPU.Build.0 = Release|Any CPU
		{611AFEB2-1884-4CBC-B5CC-56906C66C0D6}.Debug|Any CPU.ActiveCfg = Debug|Any CPU
		{611AFEB2-1884-4CBC-B5CC-56906C66C0D6}.Debug|Any CPU.Build.0 = Debug|Any CPU
		{611AFEB2-1884-4CBC-B5CC-56906C66C0D6}.Release|Any CPU.ActiveCfg = Release|Any CPU
		{611AFEB2-1884-4CBC-B5CC-56906C66C0D6}.Release|Any CPU.Build.0 = Release|Any CPU
		{61DA4A60-B5BC-4A92-8EAF-A2DBF1B985D2}.Debug|Any CPU.ActiveCfg = Debug|Any CPU
		{61DA4A60-B5BC-4A92-8EAF-A2DBF1B985D2}.Debug|Any CPU.Build.0 = Debug|Any CPU
		{61DA4A60-B5BC-4A92-8EAF-A2DBF1B985D2}.Release|Any CPU.ActiveCfg = Release|Any CPU
		{61DA4A60-B5BC-4A92-8EAF-A2DBF1B985D2}.Release|Any CPU.Build.0 = Release|Any CPU
	EndGlobalSection
	GlobalSection(NestedProjects) = preSolution
	EndGlobalSection
EndGlobal
